
Microsoft Visual Studio Solution File, Format Version 12.00
# Visual Studio 15
VisualStudioVersion = 15.0.27703.2026
MinimumVisualStudioVersion = 10.0.40219.1
Project("{FAE04EC0-301F-11D3-BF4B-00C04F79EFBC}") = "BlogSite", "BlogSite\BlogSite.csproj", "{2E9A4CFD-F968-425D-A6B4-26D8EDAD048A}"
EndProject
Global
	GlobalSection(SolutionConfigurationPlatforms) = preSolution
		Debug|Any CPU = Debug|Any CPU
		Release|Any CPU = Release|Any CPU
	EndGlobalSection
	GlobalSection(ProjectConfigurationPlatforms) = postSolution
		{2E9A4CFD-F968-425D-A6B4-26D8EDAD048A}.Debug|Any CPU.ActiveCfg = Debug|Any CPU
		{2E9A4CFD-F968-425D-A6B4-26D8EDAD048A}.Debug|Any CPU.Build.0 = Debug|Any CPU
		{2E9A4CFD-F968-425D-A6B4-26D8EDAD048A}.Release|Any CPU.ActiveCfg = Release|Any CPU
		{2E9A4CFD-F968-425D-A6B4-26D8EDAD048A}.Release|Any CPU.Build.0 = Release|Any CPU
	EndGlobalSection
	GlobalSection(SolutionProperties) = preSolution
		HideSolutionNode = FALSE
	EndGlobalSection
	GlobalSection(ExtensibilityGlobals) = postSolution
		SolutionGuid = {AB564CA1-7EAA-4285-9345-E5DD91E46370}
	EndGlobalSection
EndGlobal
